// !$*UTF8*$!
{
	archiveVersion = 1;
	classes = {
	};
	objectVersion = 51;
	objects = {

/* Begin PBXBuildFile section */
		893540913BF2535F7F573100 /* Pods_Strangers.framework in Frameworks */ = {isa = PBXBuildFile; fileRef = 34C9E1B29EC6201487D39906 /* Pods_Strangers.framework */; };
		F45DFD6324F76180003304CB /* UserTests.swift in Sources */ = {isa = PBXBuildFile; fileRef = F45DFD6224F76180003304CB /* UserTests.swift */; };
		F4AC61B824F369F800D82D81 /* UserDetailsViewModel.swift in Sources */ = {isa = PBXBuildFile; fileRef = F4AC61B724F369F800D82D81 /* UserDetailsViewModel.swift */; };
		F4AC61BA24F36C3800D82D81 /* FetchUserUseCase.swift in Sources */ = {isa = PBXBuildFile; fileRef = F4AC61B924F36C3800D82D81 /* FetchUserUseCase.swift */; };
		F4AE3A48250338C0005BCA50 /* MainTaBarController.swift in Sources */ = {isa = PBXBuildFile; fileRef = F4AE3A47250338C0005BCA50 /* MainTaBarController.swift */; };
		F4AE3A4A25033FF1005BCA50 /* HomeCoordinator.swift in Sources */ = {isa = PBXBuildFile; fileRef = F4AE3A4925033FF1005BCA50 /* HomeCoordinator.swift */; };
		F4AE3A4C25034652005BCA50 /* CoordinatedNavigationController.swift in Sources */ = {isa = PBXBuildFile; fileRef = F4AE3A4B25034652005BCA50 /* CoordinatedNavigationController.swift */; };
		F4AE3A502503756F005BCA50 /* SettingCell.swift in Sources */ = {isa = PBXBuildFile; fileRef = F4AE3A4E2503756F005BCA50 /* SettingCell.swift */; };
		F4AE3A5125037570005BCA50 /* SettingCell.xib in Resources */ = {isa = PBXBuildFile; fileRef = F4AE3A4F2503756F005BCA50 /* SettingCell.xib */; };
		F4AE3A5325038737005BCA50 /* SettingViewModel.swift in Sources */ = {isa = PBXBuildFile; fileRef = F4AE3A5225038737005BCA50 /* SettingViewModel.swift */; };
		F4AE3A55250387B9005BCA50 /* FetchProfileUseCaseType.swift in Sources */ = {isa = PBXBuildFile; fileRef = F4AE3A54250387B9005BCA50 /* FetchProfileUseCaseType.swift */; };
		F4BA3DDE24C54AB30009FF20 /* AppDelegate.swift in Sources */ = {isa = PBXBuildFile; fileRef = F4BA3DDD24C54AB30009FF20 /* AppDelegate.swift */; };
		F4BA3DE024C54AB30009FF20 /* SceneDelegate.swift in Sources */ = {isa = PBXBuildFile; fileRef = F4BA3DDF24C54AB30009FF20 /* SceneDelegate.swift */; };
		F4BA3DE224C54AB30009FF20 /* ViewController.swift in Sources */ = {isa = PBXBuildFile; fileRef = F4BA3DE124C54AB30009FF20 /* ViewController.swift */; };
		F4BA3DE524C54AB30009FF20 /* Main.storyboard in Resources */ = {isa = PBXBuildFile; fileRef = F4BA3DE324C54AB30009FF20 /* Main.storyboard */; };
		F4BA3DE724C54AB90009FF20 /* Assets.xcassets in Resources */ = {isa = PBXBuildFile; fileRef = F4BA3DE624C54AB90009FF20 /* Assets.xcassets */; };
		F4BA3DEA24C54AB90009FF20 /* LaunchScreen.storyboard in Resources */ = {isa = PBXBuildFile; fileRef = F4BA3DE824C54AB90009FF20 /* LaunchScreen.storyboard */; };
		F4C7589D24EA465E00CEEA00 /* Coordinator.swift in Sources */ = {isa = PBXBuildFile; fileRef = F4C7589C24EA465E00CEEA00 /* Coordinator.swift */; };
		F4C758A024EA470100CEEA00 /* Storyboarded.swift in Sources */ = {isa = PBXBuildFile; fileRef = F4C7589F24EA470100CEEA00 /* Storyboarded.swift */; };
		F4C758A624EA47BF00CEEA00 /* HomeViewController.swift in Sources */ = {isa = PBXBuildFile; fileRef = F4C758A524EA47BF00CEEA00 /* HomeViewController.swift */; };
		F4C758A824EA487200CEEA00 /* MainCoordinator.swift in Sources */ = {isa = PBXBuildFile; fileRef = F4C758A724EA487200CEEA00 /* MainCoordinator.swift */; };
		F4C758AB24EA620700CEEA00 /* UserDetailsViewController.swift in Sources */ = {isa = PBXBuildFile; fileRef = F4C758AA24EA620700CEEA00 /* UserDetailsViewController.swift */; };
		F4C758AF24EA7BDB00CEEA00 /* UserCoordinator.swift in Sources */ = {isa = PBXBuildFile; fileRef = F4C758AE24EA7BDB00CEEA00 /* UserCoordinator.swift */; };
		F4C758B124EA85C100CEEA00 /* SettingCoordinator.swift in Sources */ = {isa = PBXBuildFile; fileRef = F4C758B024EA85C100CEEA00 /* SettingCoordinator.swift */; };
		F4C758B424EA862000CEEA00 /* SettingViewController.swift in Sources */ = {isa = PBXBuildFile; fileRef = F4C758B324EA862000CEEA00 /* SettingViewController.swift */; };
		F4C758B924EAA6DC00CEEA00 /* UseCase.swift in Sources */ = {isa = PBXBuildFile; fileRef = F4C758B824EAA6DC00CEEA00 /* UseCase.swift */; };
		F4C758BC24EAA74B00CEEA00 /* Cancellable.swift in Sources */ = {isa = PBXBuildFile; fileRef = F4C758BB24EAA74B00CEEA00 /* Cancellable.swift */; };
		F4C758BF24EAA7A600CEEA00 /* FetchUsersUseCase.swift in Sources */ = {isa = PBXBuildFile; fileRef = F4C758BE24EAA7A600CEEA00 /* FetchUsersUseCase.swift */; };
		F4C758C224EAA97800CEEA00 /* User.swift in Sources */ = {isa = PBXBuildFile; fileRef = F4C758C124EAA97800CEEA00 /* User.swift */; };
		F4C758CC24EBA66900CEEA00 /* UserRepositoryType.swift in Sources */ = {isa = PBXBuildFile; fileRef = F4C758CB24EBA66900CEEA00 /* UserRepositoryType.swift */; };
		F4C758CE24EBA67A00CEEA00 /* UserRepository.swift in Sources */ = {isa = PBXBuildFile; fileRef = F4C758CD24EBA67A00CEEA00 /* UserRepository.swift */; };
		F4C758D224EBC47800CEEA00 /* Github.swift in Sources */ = {isa = PBXBuildFile; fileRef = F4C758D124EBC47800CEEA00 /* Github.swift */; };
		F4C758D424EBD1BE00CEEA00 /* GithubService.swift in Sources */ = {isa = PBXBuildFile; fileRef = F4C758D324EBD1BE00CEEA00 /* GithubService.swift */; };
		F4C758D624EBE2F300CEEA00 /* HomeViewModel.swift in Sources */ = {isa = PBXBuildFile; fileRef = F4C758D524EBE2F300CEEA00 /* HomeViewModel.swift */; };
		F4C758DA24EC06EA00CEEA00 /* UserTableViewCell.swift in Sources */ = {isa = PBXBuildFile; fileRef = F4C758D824EC06EA00CEEA00 /* UserTableViewCell.swift */; };
		F4C758DB24EC06EA00CEEA00 /* UserTableViewCell.xib in Resources */ = {isa = PBXBuildFile; fileRef = F4C758D924EC06EA00CEEA00 /* UserTableViewCell.xib */; };
/* End PBXBuildFile section */

/* Begin PBXContainerItemProxy section */
		F45DFD5D24F7612B003304CB /* PBXContainerItemProxy */ = {
			isa = PBXContainerItemProxy;
			containerPortal = F4BA3DD224C54AB30009FF20 /* Project object */;
			proxyType = 1;
			remoteGlobalIDString = F4BA3DD924C54AB30009FF20;
			remoteInfo = Strangers;
		};
/* End PBXContainerItemProxy section */

/* Begin PBXFileReference section */
		34C9E1B29EC6201487D39906 /* Pods_Strangers.framework */ = {isa = PBXFileReference; explicitFileType = wrapper.framework; includeInIndex = 0; path = Pods_Strangers.framework; sourceTree = BUILT_PRODUCTS_DIR; };
		3A4CC7FECD2930294F1603C8 /* Pods-Strangers.debug.xcconfig */ = {isa = PBXFileReference; includeInIndex = 1; lastKnownFileType = text.xcconfig; name = "Pods-Strangers.debug.xcconfig"; path = "Target Support Files/Pods-Strangers/Pods-Strangers.debug.xcconfig"; sourceTree = "<group>"; };
		84887A1CEFAEE24B7A5F809B /* Pods-Strangers.release.xcconfig */ = {isa = PBXFileReference; includeInIndex = 1; lastKnownFileType = text.xcconfig; name = "Pods-Strangers.release.xcconfig"; path = "Target Support Files/Pods-Strangers/Pods-Strangers.release.xcconfig"; sourceTree = "<group>"; };
		F45DFD5824F7612B003304CB /* StrangersTests.xctest */ = {isa = PBXFileReference; explicitFileType = wrapper.cfbundle; includeInIndex = 0; path = StrangersTests.xctest; sourceTree = BUILT_PRODUCTS_DIR; };
		F45DFD5C24F7612B003304CB /* Info.plist */ = {isa = PBXFileReference; lastKnownFileType = text.plist.xml; path = Info.plist; sourceTree = "<group>"; };
		F45DFD6224F76180003304CB /* UserTests.swift */ = {isa = PBXFileReference; lastKnownFileType = sourcecode.swift; path = UserTests.swift; sourceTree = "<group>"; };
		F4AC61B724F369F800D82D81 /* UserDetailsViewModel.swift */ = {isa = PBXFileReference; lastKnownFileType = sourcecode.swift; path = UserDetailsViewModel.swift; sourceTree = "<group>"; };
		F4AC61B924F36C3800D82D81 /* FetchUserUseCase.swift */ = {isa = PBXFileReference; lastKnownFileType = sourcecode.swift; path = FetchUserUseCase.swift; sourceTree = "<group>"; };
		F4AE3A47250338C0005BCA50 /* MainTaBarController.swift */ = {isa = PBXFileReference; lastKnownFileType = sourcecode.swift; path = MainTaBarController.swift; sourceTree = "<group>"; };
		F4AE3A4925033FF1005BCA50 /* HomeCoordinator.swift */ = {isa = PBXFileReference; lastKnownFileType = sourcecode.swift; path = HomeCoordinator.swift; sourceTree = "<group>"; };
		F4AE3A4B25034652005BCA50 /* CoordinatedNavigationController.swift */ = {isa = PBXFileReference; lastKnownFileType = sourcecode.swift; path = CoordinatedNavigationController.swift; sourceTree = "<group>"; };
		F4AE3A4E2503756F005BCA50 /* SettingCell.swift */ = {isa = PBXFileReference; lastKnownFileType = sourcecode.swift; path = SettingCell.swift; sourceTree = "<group>"; };
		F4AE3A4F2503756F005BCA50 /* SettingCell.xib */ = {isa = PBXFileReference; lastKnownFileType = file.xib; path = SettingCell.xib; sourceTree = "<group>"; };
		F4AE3A5225038737005BCA50 /* SettingViewModel.swift */ = {isa = PBXFileReference; lastKnownFileType = sourcecode.swift; path = SettingViewModel.swift; sourceTree = "<group>"; };
		F4AE3A54250387B9005BCA50 /* FetchProfileUseCaseType.swift */ = {isa = PBXFileReference; lastKnownFileType = sourcecode.swift; path = FetchProfileUseCaseType.swift; sourceTree = "<group>"; };
		F4BA3DDA24C54AB30009FF20 /* Strangers.app */ = {isa = PBXFileReference; explicitFileType = wrapper.application; includeInIndex = 0; path = Strangers.app; sourceTree = BUILT_PRODUCTS_DIR; };
		F4BA3DDD24C54AB30009FF20 /* AppDelegate.swift */ = {isa = PBXFileReference; lastKnownFileType = sourcecode.swift; path = AppDelegate.swift; sourceTree = "<group>"; };
		F4BA3DDF24C54AB30009FF20 /* SceneDelegate.swift */ = {isa = PBXFileReference; lastKnownFileType = sourcecode.swift; path = SceneDelegate.swift; sourceTree = "<group>"; };
		F4BA3DE124C54AB30009FF20 /* ViewController.swift */ = {isa = PBXFileReference; lastKnownFileType = sourcecode.swift; path = ViewController.swift; sourceTree = "<group>"; };
		F4BA3DE424C54AB30009FF20 /* Base */ = {isa = PBXFileReference; lastKnownFileType = file.storyboard; name = Base; path = Base.lproj/Main.storyboard; sourceTree = "<group>"; };
		F4BA3DE624C54AB90009FF20 /* Assets.xcassets */ = {isa = PBXFileReference; lastKnownFileType = folder.assetcatalog; path = Assets.xcassets; sourceTree = "<group>"; };
		F4BA3DE924C54AB90009FF20 /* Base */ = {isa = PBXFileReference; lastKnownFileType = file.storyboard; name = Base; path = Base.lproj/LaunchScreen.storyboard; sourceTree = "<group>"; };
		F4BA3DEB24C54AB90009FF20 /* Info.plist */ = {isa = PBXFileReference; lastKnownFileType = text.plist.xml; path = Info.plist; sourceTree = "<group>"; };
		F4C7589C24EA465E00CEEA00 /* Coordinator.swift */ = {isa = PBXFileReference; lastKnownFileType = sourcecode.swift; path = Coordinator.swift; sourceTree = "<group>"; };
		F4C7589F24EA470100CEEA00 /* Storyboarded.swift */ = {isa = PBXFileReference; lastKnownFileType = sourcecode.swift; path = Storyboarded.swift; sourceTree = "<group>"; };
		F4C758A524EA47BF00CEEA00 /* HomeViewController.swift */ = {isa = PBXFileReference; lastKnownFileType = sourcecode.swift; path = HomeViewController.swift; sourceTree = "<group>"; };
		F4C758A724EA487200CEEA00 /* MainCoordinator.swift */ = {isa = PBXFileReference; lastKnownFileType = sourcecode.swift; path = MainCoordinator.swift; sourceTree = "<group>"; };
		F4C758AA24EA620700CEEA00 /* UserDetailsViewController.swift */ = {isa = PBXFileReference; lastKnownFileType = sourcecode.swift; path = UserDetailsViewController.swift; sourceTree = "<group>"; };
		F4C758AE24EA7BDB00CEEA00 /* UserCoordinator.swift */ = {isa = PBXFileReference; lastKnownFileType = sourcecode.swift; path = UserCoordinator.swift; sourceTree = "<group>"; };
		F4C758B024EA85C100CEEA00 /* SettingCoordinator.swift */ = {isa = PBXFileReference; lastKnownFileType = sourcecode.swift; path = SettingCoordinator.swift; sourceTree = "<group>"; };
		F4C758B324EA862000CEEA00 /* SettingViewController.swift */ = {isa = PBXFileReference; lastKnownFileType = sourcecode.swift; path = SettingViewController.swift; sourceTree = "<group>"; };
		F4C758B824EAA6DC00CEEA00 /* UseCase.swift */ = {isa = PBXFileReference; lastKnownFileType = sourcecode.swift; path = UseCase.swift; sourceTree = "<group>"; };
		F4C758BB24EAA74B00CEEA00 /* Cancellable.swift */ = {isa = PBXFileReference; lastKnownFileType = sourcecode.swift; path = Cancellable.swift; sourceTree = "<group>"; };
		F4C758BE24EAA7A600CEEA00 /* FetchUsersUseCase.swift */ = {isa = PBXFileReference; lastKnownFileType = sourcecode.swift; path = FetchUsersUseCase.swift; sourceTree = "<group>"; };
		F4C758C124EAA97800CEEA00 /* User.swift */ = {isa = PBXFileReference; lastKnownFileType = sourcecode.swift; path = User.swift; sourceTree = "<group>"; };
		F4C758CB24EBA66900CEEA00 /* UserRepositoryType.swift */ = {isa = PBXFileReference; lastKnownFileType = sourcecode.swift; path = UserRepositoryType.swift; sourceTree = "<group>"; };
		F4C758CD24EBA67A00CEEA00 /* UserRepository.swift */ = {isa = PBXFileReference; lastKnownFileType = sourcecode.swift; path = UserRepository.swift; sourceTree = "<group>"; };
		F4C758D124EBC47800CEEA00 /* Github.swift */ = {isa = PBXFileReference; lastKnownFileType = sourcecode.swift; path = Github.swift; sourceTree = "<group>"; };
		F4C758D324EBD1BE00CEEA00 /* GithubService.swift */ = {isa = PBXFileReference; lastKnownFileType = sourcecode.swift; path = GithubService.swift; sourceTree = "<group>"; };
		F4C758D524EBE2F300CEEA00 /* HomeViewModel.swift */ = {isa = PBXFileReference; lastKnownFileType = sourcecode.swift; path = HomeViewModel.swift; sourceTree = "<group>"; };
		F4C758D824EC06EA00CEEA00 /* UserTableViewCell.swift */ = {isa = PBXFileReference; lastKnownFileType = sourcecode.swift; path = UserTableViewCell.swift; sourceTree = "<group>"; };
		F4C758D924EC06EA00CEEA00 /* UserTableViewCell.xib */ = {isa = PBXFileReference; lastKnownFileType = file.xib; path = UserTableViewCell.xib; sourceTree = "<group>"; };
/* End PBXFileReference section */

/* Begin PBXFrameworksBuildPhase section */
		F45DFD5524F7612B003304CB /* Frameworks */ = {
			isa = PBXFrameworksBuildPhase;
			buildActionMask = 2147483647;
			files = (
			);
			runOnlyForDeploymentPostprocessing = 0;
		};
		F4BA3DD724C54AB30009FF20 /* Frameworks */ = {
			isa = PBXFrameworksBuildPhase;
			buildActionMask = 2147483647;
			files = (
				893540913BF2535F7F573100 /* Pods_Strangers.framework in Frameworks */,
			);
			runOnlyForDeploymentPostprocessing = 0;
		};
/* End PBXFrameworksBuildPhase section */

/* Begin PBXGroup section */
		C6D5004128E201F6118201DA /* Frameworks */ = {
			isa = PBXGroup;
			children = (
				34C9E1B29EC6201487D39906 /* Pods_Strangers.framework */,
			);
			name = Frameworks;
			sourceTree = "<group>";
		};
		F18D2950BEC58673BD9DF545 /* Pods */ = {
			isa = PBXGroup;
			children = (
				3A4CC7FECD2930294F1603C8 /* Pods-Strangers.debug.xcconfig */,
				84887A1CEFAEE24B7A5F809B /* Pods-Strangers.release.xcconfig */,
			);
			path = Pods;
			sourceTree = "<group>";
		};
		F45DFD5924F7612B003304CB /* StrangersTests */ = {
			isa = PBXGroup;
			children = (
				F45DFD5C24F7612B003304CB /* Info.plist */,
				F45DFD6224F76180003304CB /* UserTests.swift */,
			);
			path = StrangersTests;
			sourceTree = "<group>";
		};
		F4AE3A4D25037552005BCA50 /* Cell */ = {
			isa = PBXGroup;
			children = (
				F4AE3A4E2503756F005BCA50 /* SettingCell.swift */,
				F4AE3A4F2503756F005BCA50 /* SettingCell.xib */,
			);
			path = Cell;
			sourceTree = "<group>";
		};
		F4BA3DD124C54AB30009FF20 = {
			isa = PBXGroup;
			children = (
				F4BA3DDC24C54AB30009FF20 /* Strangers */,
				F45DFD5924F7612B003304CB /* StrangersTests */,
				F4BA3DDB24C54AB30009FF20 /* Products */,
				F18D2950BEC58673BD9DF545 /* Pods */,
				C6D5004128E201F6118201DA /* Frameworks */,
			);
			sourceTree = "<group>";
		};
		F4BA3DDB24C54AB30009FF20 /* Products */ = {
			isa = PBXGroup;
			children = (
				F4BA3DDA24C54AB30009FF20 /* Strangers.app */,
				F45DFD5824F7612B003304CB /* StrangersTests.xctest */,
			);
			name = Products;
			sourceTree = "<group>";
		};
		F4BA3DDC24C54AB30009FF20 /* Strangers */ = {
			isa = PBXGroup;
			children = (
				F4C7589E24EA46ED00CEEA00 /* Application */,
				F4C758BA24EAA73500CEEA00 /* Common */,
				F4C758C324EAB15600CEEA00 /* Data */,
				F4C758B624EAA30F00CEEA00 /* Domain */,
				F4C758CF24EBC3BE00CEEA00 /* Infrastructure */,
				F4C758B524EA963700CEEA00 /* Presentation */,
				F4BA3DDF24C54AB30009FF20 /* SceneDelegate.swift */,
				F4BA3DE124C54AB30009FF20 /* ViewController.swift */,
				F4BA3DE324C54AB30009FF20 /* Main.storyboard */,
				F4BA3DE624C54AB90009FF20 /* Assets.xcassets */,
				F4BA3DE824C54AB90009FF20 /* LaunchScreen.storyboard */,
				F4BA3DEB24C54AB90009FF20 /* Info.plist */,
			);
			path = Strangers;
			sourceTree = "<group>";
		};
		F4C7589E24EA46ED00CEEA00 /* Application */ = {
			isa = PBXGroup;
			children = (
				F4C7589C24EA465E00CEEA00 /* Coordinator.swift */,
				F4C7589F24EA470100CEEA00 /* Storyboarded.swift */,
				F4BA3DDD24C54AB30009FF20 /* AppDelegate.swift */,
				F4C758A724EA487200CEEA00 /* MainCoordinator.swift */,
				F4C758AE24EA7BDB00CEEA00 /* UserCoordinator.swift */,
				F4C758B024EA85C100CEEA00 /* SettingCoordinator.swift */,
				F4AE3A4B25034652005BCA50 /* CoordinatedNavigationController.swift */,
				F4AE3A47250338C0005BCA50 /* MainTaBarController.swift */,
			);
			path = Application;
			sourceTree = "<group>";
		};
		F4C758A124EA478900CEEA00 /* Scene */ = {
			isa = PBXGroup;
			children = (
				F4C758B224EA861400CEEA00 /* Setting */,
				F4C758A924EA61F400CEEA00 /* User Details */,
				F4C758A224EA479500CEEA00 /* Home */,
			);
			path = Scene;
			sourceTree = "<group>";
		};
		F4C758A224EA479500CEEA00 /* Home */ = {
			isa = PBXGroup;
			children = (
				F4C758D724EC06C500CEEA00 /* Cell */,
				F4C758A524EA47BF00CEEA00 /* HomeViewController.swift */,
				F4C758D524EBE2F300CEEA00 /* HomeViewModel.swift */,
				F4AE3A4925033FF1005BCA50 /* HomeCoordinator.swift */,
			);
			path = Home;
			sourceTree = "<group>";
		};
		F4C758A924EA61F400CEEA00 /* User Details */ = {
			isa = PBXGroup;
			children = (
				F4C758AA24EA620700CEEA00 /* UserDetailsViewController.swift */,
				F4AC61B724F369F800D82D81 /* UserDetailsViewModel.swift */,
			);
			path = "User Details";
			sourceTree = "<group>";
		};
		F4C758B224EA861400CEEA00 /* Setting */ = {
			isa = PBXGroup;
			children = (
				F4AE3A4D25037552005BCA50 /* Cell */,
				F4C758B324EA862000CEEA00 /* SettingViewController.swift */,
				F4AE3A5225038737005BCA50 /* SettingViewModel.swift */,
			);
			path = Setting;
			sourceTree = "<group>";
		};
		F4C758B524EA963700CEEA00 /* Presentation */ = {
			isa = PBXGroup;
			children = (
				F4C758A124EA478900CEEA00 /* Scene */,
			);
			path = Presentation;
			sourceTree = "<group>";
		};
		F4C758B624EAA30F00CEEA00 /* Domain */ = {
			isa = PBXGroup;
			children = (
				F4C758C524EB92AA00CEEA00 /* Interface */,
				F4C758C024EAA95200CEEA00 /* Entities */,
				F4C758BD24EAA79700CEEA00 /* UseCases */,
				F4C758B724EAA6C400CEEA00 /* Protocol */,
			);
			path = Domain;
			sourceTree = "<group>";
		};
		F4C758B724EAA6C400CEEA00 /* Protocol */ = {
			isa = PBXGroup;
			children = (
				F4C758B824EAA6DC00CEEA00 /* UseCase.swift */,
			);
			path = Protocol;
			sourceTree = "<group>";
		};
		F4C758BA24EAA73500CEEA00 /* Common */ = {
			isa = PBXGroup;
			children = (
				F4C758BB24EAA74B00CEEA00 /* Cancellable.swift */,
			);
			path = Common;
			sourceTree = "<group>";
		};
		F4C758BD24EAA79700CEEA00 /* UseCases */ = {
			isa = PBXGroup;
			children = (
				F4C758BE24EAA7A600CEEA00 /* FetchUsersUseCase.swift */,
				F4AC61B924F36C3800D82D81 /* FetchUserUseCase.swift */,
				F4AE3A54250387B9005BCA50 /* FetchProfileUseCaseType.swift */,
			);
			path = UseCases;
			sourceTree = "<group>";
		};
		F4C758C024EAA95200CEEA00 /* Entities */ = {
			isa = PBXGroup;
			children = (
				F4C758C124EAA97800CEEA00 /* User.swift */,
			);
			path = Entities;
			sourceTree = "<group>";
		};
		F4C758C324EAB15600CEEA00 /* Data */ = {
			isa = PBXGroup;
			children = (
				F4C758C424EAB15B00CEEA00 /* Repositories */,
			);
			path = Data;
			sourceTree = "<group>";
		};
		F4C758C424EAB15B00CEEA00 /* Repositories */ = {
			isa = PBXGroup;
			children = (
				F4C758CD24EBA67A00CEEA00 /* UserRepository.swift */,
			);
			path = Repositories;
			sourceTree = "<group>";
		};
		F4C758C524EB92AA00CEEA00 /* Interface */ = {
			isa = PBXGroup;
			children = (
				F4C758C624EB92BD00CEEA00 /* Repositories */,
			);
			path = Interface;
			sourceTree = "<group>";
		};
		F4C758C624EB92BD00CEEA00 /* Repositories */ = {
			isa = PBXGroup;
			children = (
				F4C758CB24EBA66900CEEA00 /* UserRepositoryType.swift */,
			);
			path = Repositories;
			sourceTree = "<group>";
		};
		F4C758CF24EBC3BE00CEEA00 /* Infrastructure */ = {
			isa = PBXGroup;
			children = (
				F4C758D024EBC3CC00CEEA00 /* Network */,
			);
			path = Infrastructure;
			sourceTree = "<group>";
		};
		F4C758D024EBC3CC00CEEA00 /* Network */ = {
			isa = PBXGroup;
			children = (
				F4C758D124EBC47800CEEA00 /* Github.swift */,
				F4C758D324EBD1BE00CEEA00 /* GithubService.swift */,
			);
			path = Network;
			sourceTree = "<group>";
		};
		F4C758D724EC06C500CEEA00 /* Cell */ = {
			isa = PBXGroup;
			children = (
				F4C758D824EC06EA00CEEA00 /* UserTableViewCell.swift */,
				F4C758D924EC06EA00CEEA00 /* UserTableViewCell.xib */,
			);
			path = Cell;
			sourceTree = "<group>";
		};
/* End PBXGroup section */

/* Begin PBXNativeTarget section */
		F45DFD5724F7612B003304CB /* StrangersTests */ = {
			isa = PBXNativeTarget;
			buildConfigurationList = F45DFD6124F7612B003304CB /* Build configuration list for PBXNativeTarget "StrangersTests" */;
			buildPhases = (
				F45DFD5424F7612B003304CB /* Sources */,
				F45DFD5524F7612B003304CB /* Frameworks */,
				F45DFD5624F7612B003304CB /* Resources */,
			);
			buildRules = (
			);
			dependencies = (
				F45DFD5E24F7612B003304CB /* PBXTargetDependency */,
			);
			name = StrangersTests;
			productName = StrangersTests;
			productReference = F45DFD5824F7612B003304CB /* StrangersTests.xctest */;
			productType = "com.apple.product-type.bundle.unit-test";
		};
		F4BA3DD924C54AB30009FF20 /* Strangers */ = {
			isa = PBXNativeTarget;
			buildConfigurationList = F4BA3DEE24C54AB90009FF20 /* Build configuration list for PBXNativeTarget "Strangers" */;
			buildPhases = (
				0C5D2B4C342599A699A381F0 /* [CP] Check Pods Manifest.lock */,
				F4BA3DD624C54AB30009FF20 /* Sources */,
				F4BA3DD724C54AB30009FF20 /* Frameworks */,
				F4BA3DD824C54AB30009FF20 /* Resources */,
				6C83EC85EF4914809DF4145C /* [CP] Embed Pods Frameworks */,
			);
			buildRules = (
			);
			dependencies = (
			);
			name = Strangers;
			productName = Strangers;
			productReference = F4BA3DDA24C54AB30009FF20 /* Strangers.app */;
			productType = "com.apple.product-type.application";
		};
/* End PBXNativeTarget section */

/* Begin PBXProject section */
		F4BA3DD224C54AB30009FF20 /* Project object */ = {
			isa = PBXProject;
			attributes = {
				LastSwiftUpdateCheck = 1160;
				LastUpgradeCheck = 1160;
				ORGANIZATIONNAME = Robihamanto;
				TargetAttributes = {
					F45DFD5724F7612B003304CB = {
						CreatedOnToolsVersion = 11.6;
						TestTargetID = F4BA3DD924C54AB30009FF20;
					};
					F4BA3DD924C54AB30009FF20 = {
						CreatedOnToolsVersion = 11.6;
					};
				};
			};
			buildConfigurationList = F4BA3DD524C54AB30009FF20 /* Build configuration list for PBXProject "Strangers" */;
			compatibilityVersion = "Xcode 9.3";
			developmentRegion = en;
			hasScannedForEncodings = 0;
			knownRegions = (
				en,
				Base,
			);
			mainGroup = F4BA3DD124C54AB30009FF20;
			productRefGroup = F4BA3DDB24C54AB30009FF20 /* Products */;
			projectDirPath = "";
			projectRoot = "";
			targets = (
				F4BA3DD924C54AB30009FF20 /* Strangers */,
				F45DFD5724F7612B003304CB /* StrangersTests */,
			);
		};
/* End PBXProject section */

/* Begin PBXResourcesBuildPhase section */
		F45DFD5624F7612B003304CB /* Resources */ = {
			isa = PBXResourcesBuildPhase;
			buildActionMask = 2147483647;
			files = (
			);
			runOnlyForDeploymentPostprocessing = 0;
		};
		F4BA3DD824C54AB30009FF20 /* Resources */ = {
			isa = PBXResourcesBuildPhase;
			buildActionMask = 2147483647;
			files = (
				F4C758DB24EC06EA00CEEA00 /* UserTableViewCell.xib in Resources */,
				F4AE3A5125037570005BCA50 /* SettingCell.xib in Resources */,
				F4BA3DEA24C54AB90009FF20 /* LaunchScreen.storyboard in Resources */,
				F4BA3DE724C54AB90009FF20 /* Assets.xcassets in Resources */,
				F4BA3DE524C54AB30009FF20 /* Main.storyboard in Resources */,
			);
			runOnlyForDeploymentPostprocessing = 0;
		};
/* End PBXResourcesBuildPhase section */

/* Begin PBXShellScriptBuildPhase section */
		0C5D2B4C342599A699A381F0 /* [CP] Check Pods Manifest.lock */ = {
			isa = PBXShellScriptBuildPhase;
			buildActionMask = 2147483647;
			files = (
			);
			inputFileListPaths = (
			);
			inputPaths = (
				"${PODS_PODFILE_DIR_PATH}/Podfile.lock",
				"${PODS_ROOT}/Manifest.lock",
			);
			name = "[CP] Check Pods Manifest.lock";
			outputFileListPaths = (
			);
			outputPaths = (
				"$(DERIVED_FILE_DIR)/Pods-Strangers-checkManifestLockResult.txt",
			);
			runOnlyForDeploymentPostprocessing = 0;
			shellPath = /bin/sh;
			shellScript = "diff \"${PODS_PODFILE_DIR_PATH}/Podfile.lock\" \"${PODS_ROOT}/Manifest.lock\" > /dev/null\nif [ $? != 0 ] ; then\n    # print error to STDERR\n    echo \"error: The sandbox is not in sync with the Podfile.lock. Run 'pod install' or update your CocoaPods installation.\" >&2\n    exit 1\nfi\n# This output is used by Xcode 'outputs' to avoid re-running this script phase.\necho \"SUCCESS\" > \"${SCRIPT_OUTPUT_FILE_0}\"\n";
			showEnvVarsInLog = 0;
		};
		6C83EC85EF4914809DF4145C /* [CP] Embed Pods Frameworks */ = {
			isa = PBXShellScriptBuildPhase;
			buildActionMask = 2147483647;
			files = (
			);
			inputFileListPaths = (
				"${PODS_ROOT}/Target Support Files/Pods-Strangers/Pods-Strangers-frameworks-${CONFIGURATION}-input-files.xcfilelist",
			);
			name = "[CP] Embed Pods Frameworks";
			outputFileListPaths = (
				"${PODS_ROOT}/Target Support Files/Pods-Strangers/Pods-Strangers-frameworks-${CONFIGURATION}-output-files.xcfilelist",
			);
			runOnlyForDeploymentPostprocessing = 0;
			shellPath = /bin/sh;
			shellScript = "\"${PODS_ROOT}/Target Support Files/Pods-Strangers/Pods-Strangers-frameworks.sh\"\n";
			showEnvVarsInLog = 0;
		};
/* End PBXShellScriptBuildPhase section */

/* Begin PBXSourcesBuildPhase section */
		F45DFD5424F7612B003304CB /* Sources */ = {
			isa = PBXSourcesBuildPhase;
			buildActionMask = 2147483647;
			files = (
				F45DFD6324F76180003304CB /* UserTests.swift in Sources */,
			);
			runOnlyForDeploymentPostprocessing = 0;
		};
		F4BA3DD624C54AB30009FF20 /* Sources */ = {
			isa = PBXSourcesBuildPhase;
			buildActionMask = 2147483647;
			files = (
				F4C758D424EBD1BE00CEEA00 /* GithubService.swift in Sources */,
				F4C758D224EBC47800CEEA00 /* Github.swift in Sources */,
				F4C7589D24EA465E00CEEA00 /* Coordinator.swift in Sources */,
				F4C758D624EBE2F300CEEA00 /* HomeViewModel.swift in Sources */,
				F4C758BC24EAA74B00CEEA00 /* Cancellable.swift in Sources */,
				F4C758B424EA862000CEEA00 /* SettingViewController.swift in Sources */,
				F4C758A824EA487200CEEA00 /* MainCoordinator.swift in Sources */,
				F4AE3A4A25033FF1005BCA50 /* HomeCoordinator.swift in Sources */,
				F4AC61BA24F36C3800D82D81 /* FetchUserUseCase.swift in Sources */,
				F4C758CC24EBA66900CEEA00 /* UserRepositoryType.swift in Sources */,
				F4AC61B824F369F800D82D81 /* UserDetailsViewModel.swift in Sources */,
				F4BA3DE224C54AB30009FF20 /* ViewController.swift in Sources */,
				F4C758CE24EBA67A00CEEA00 /* UserRepository.swift in Sources */,
				F4C758AF24EA7BDB00CEEA00 /* UserCoordinator.swift in Sources */,
				F4C758A024EA470100CEEA00 /* Storyboarded.swift in Sources */,
				F4AE3A5325038737005BCA50 /* SettingViewModel.swift in Sources */,
				F4C758BF24EAA7A600CEEA00 /* FetchUsersUseCase.swift in Sources */,
				F4C758C224EAA97800CEEA00 /* User.swift in Sources */,
				F4BA3DDE24C54AB30009FF20 /* AppDelegate.swift in Sources */,
				F4BA3DE024C54AB30009FF20 /* SceneDelegate.swift in Sources */,
				F4C758DA24EC06EA00CEEA00 /* UserTableViewCell.swift in Sources */,
				F4AE3A4C25034652005BCA50 /* CoordinatedNavigationController.swift in Sources */,
				F4C758B124EA85C100CEEA00 /* SettingCoordinator.swift in Sources */,
				F4C758B924EAA6DC00CEEA00 /* UseCase.swift in Sources */,
				F4C758AB24EA620700CEEA00 /* UserDetailsViewController.swift in Sources */,
				F4C758A624EA47BF00CEEA00 /* HomeViewController.swift in Sources */,
				F4AE3A48250338C0005BCA50 /* MainTaBarController.swift in Sources */,
				F4AE3A55250387B9005BCA50 /* FetchProfileUseCaseType.swift in Sources */,
				F4AE3A502503756F005BCA50 /* SettingCell.swift in Sources */,
			);
			runOnlyForDeploymentPostprocessing = 0;
		};
/* End PBXSourcesBuildPhase section */

/* Begin PBXTargetDependency section */
		F45DFD5E24F7612B003304CB /* PBXTargetDependency */ = {
			isa = PBXTargetDependency;
			target = F4BA3DD924C54AB30009FF20 /* Strangers */;
			targetProxy = F45DFD5D24F7612B003304CB /* PBXContainerItemProxy */;
		};
/* End PBXTargetDependency section */

/* Begin PBXVariantGroup section */
		F4BA3DE324C54AB30009FF20 /* Main.storyboard */ = {
			isa = PBXVariantGroup;
			children = (
				F4BA3DE424C54AB30009FF20 /* Base */,
			);
			name = Main.storyboard;
			sourceTree = "<group>";
		};
		F4BA3DE824C54AB90009FF20 /* LaunchScreen.storyboard */ = {
			isa = PBXVariantGroup;
			children = (
				F4BA3DE924C54AB90009FF20 /* Base */,
			);
			name = LaunchScreen.storyboard;
			sourceTree = "<group>";
		};
/* End PBXVariantGroup section */

/* Begin XCBuildConfiguration section */
		F45DFD5F24F7612B003304CB /* Debug */ = {
			isa = XCBuildConfiguration;
			buildSettings = {
				BUNDLE_LOADER = "$(TEST_HOST)";
				CODE_SIGN_STYLE = Automatic;
				DEVELOPMENT_TEAM = N9U3ASR94C;
				INFOPLIST_FILE = StrangersTests/Info.plist;
				LD_RUNPATH_SEARCH_PATHS = (
					"$(inherited)",
					"@executable_path/Frameworks",
					"@loader_path/Frameworks",
				);
				PRODUCT_BUNDLE_IDENTIFIER = id.robihamanto.StrangersTests;
				PRODUCT_NAME = "$(TARGET_NAME)";
				SWIFT_VERSION = 5.0;
				TARGETED_DEVICE_FAMILY = "1,2";
				TEST_HOST = "$(BUILT_PRODUCTS_DIR)/Strangers.app/Strangers";
			};
			name = Debug;
		};
		F45DFD6024F7612B003304CB /* Release */ = {
			isa = XCBuildConfiguration;
			buildSettings = {
				BUNDLE_LOADER = "$(TEST_HOST)";
				CODE_SIGN_STYLE = Automatic;
				DEVELOPMENT_TEAM = N9U3ASR94C;
				INFOPLIST_FILE = StrangersTests/Info.plist;
				LD_RUNPATH_SEARCH_PATHS = (
					"$(inherited)",
					"@executable_path/Frameworks",
					"@loader_path/Frameworks",
				);
				PRODUCT_BUNDLE_IDENTIFIER = id.robihamanto.StrangersTests;
				PRODUCT_NAME = "$(TARGET_NAME)";
				SWIFT_VERSION = 5.0;
				TARGETED_DEVICE_FAMILY = "1,2";
				TEST_HOST = "$(BUILT_PRODUCTS_DIR)/Strangers.app/Strangers";
			};
			name = Release;
		};
		F4BA3DEC24C54AB90009FF20 /* Debug */ = {
			isa = XCBuildConfiguration;
			buildSettings = {
				ALWAYS_SEARCH_USER_PATHS = NO;
				CLANG_ANALYZER_NONNULL = YES;
				CLANG_ANALYZER_NUMBER_OBJECT_CONVERSION = YES_AGGRESSIVE;
				CLANG_CXX_LANGUAGE_STANDARD = "gnu++14";
				CLANG_CXX_LIBRARY = "libc++";
				CLANG_ENABLE_MODULES = YES;
				CLANG_ENABLE_OBJC_ARC = YES;
				CLANG_ENABLE_OBJC_WEAK = YES;
				CLANG_WARN_BLOCK_CAPTURE_AUTORELEASING = YES;
				CLANG_WARN_BOOL_CONVERSION = YES;
				CLANG_WARN_COMMA = YES;
				CLANG_WARN_CONSTANT_CONVERSION = YES;
				CLANG_WARN_DEPRECATED_OBJC_IMPLEMENTATIONS = YES;
				CLANG_WARN_DIRECT_OBJC_ISA_USAGE = YES_ERROR;
				CLANG_WARN_DOCUMENTATION_COMMENTS = YES;
				CLANG_WARN_EMPTY_BODY = YES;
				CLANG_WARN_ENUM_CONVERSION = YES;
				CLANG_WARN_INFINITE_RECURSION = YES;
				CLANG_WARN_INT_CONVERSION = YES;
				CLANG_WARN_NON_LITERAL_NULL_CONVERSION = YES;
				CLANG_WARN_OBJC_IMPLICIT_RETAIN_SELF = YES;
				CLANG_WARN_OBJC_LITERAL_CONVERSION = YES;
				CLANG_WARN_OBJC_ROOT_CLASS = YES_ERROR;
				CLANG_WARN_RANGE_LOOP_ANALYSIS = YES;
				CLANG_WARN_STRICT_PROTOTYPES = YES;
				CLANG_WARN_SUSPICIOUS_MOVE = YES;
				CLANG_WARN_UNGUARDED_AVAILABILITY = YES_AGGRESSIVE;
				CLANG_WARN_UNREACHABLE_CODE = YES;
				CLANG_WARN__DUPLICATE_METHOD_MATCH = YES;
				COPY_PHASE_STRIP = NO;
				DEBUG_INFORMATION_FORMAT = dwarf;
				ENABLE_STRICT_OBJC_MSGSEND = YES;
				ENABLE_TESTABILITY = YES;
				GCC_C_LANGUAGE_STANDARD = gnu11;
				GCC_DYNAMIC_NO_PIC = NO;
				GCC_NO_COMMON_BLOCKS = YES;
				GCC_OPTIMIZATION_LEVEL = 0;
				GCC_PREPROCESSOR_DEFINITIONS = (
					"DEBUG=1",
					"$(inherited)",
				);
				GCC_WARN_64_TO_32_BIT_CONVERSION = YES;
				GCC_WARN_ABOUT_RETURN_TYPE = YES_ERROR;
				GCC_WARN_UNDECLARED_SELECTOR = YES;
				GCC_WARN_UNINITIALIZED_AUTOS = YES_AGGRESSIVE;
				GCC_WARN_UNUSED_FUNCTION = YES;
				GCC_WARN_UNUSED_VARIABLE = YES;
				IPHONEOS_DEPLOYMENT_TARGET = 13.6;
				MTL_ENABLE_DEBUG_INFO = INCLUDE_SOURCE;
				MTL_FAST_MATH = YES;
				ONLY_ACTIVE_ARCH = YES;
				SDKROOT = iphoneos;
				SWIFT_ACTIVE_COMPILATION_CONDITIONS = DEBUG;
				SWIFT_OPTIMIZATION_LEVEL = "-Onone";
			};
			name = Debug;
		};
		F4BA3DED24C54AB90009FF20 /* Release */ = {
			isa = XCBuildConfiguration;
			buildSettings = {
				ALWAYS_SEARCH_USER_PATHS = NO;
				CLANG_ANALYZER_NONNULL = YES;
				CLANG_ANALYZER_NUMBER_OBJECT_CONVERSION = YES_AGGRESSIVE;
				CLANG_CXX_LANGUAGE_STANDARD = "gnu++14";
				CLANG_CXX_LIBRARY = "libc++";
				CLANG_ENABLE_MODULES = YES;
				CLANG_ENABLE_OBJC_ARC = YES;
				CLANG_ENABLE_OBJC_WEAK = YES;
				CLANG_WARN_BLOCK_CAPTURE_AUTORELEASING = YES;
				CLANG_WARN_BOOL_CONVERSION = YES;
				CLANG_WARN_COMMA = YES;
				CLANG_WARN_CONSTANT_CONVERSION = YES;
				CLANG_WARN_DEPRECATED_OBJC_IMPLEMENTATIONS = YES;
				CLANG_WARN_DIRECT_OBJC_ISA_USAGE = YES_ERROR;
				CLANG_WARN_DOCUMENTATION_COMMENTS = YES;
				CLANG_WARN_EMPTY_BODY = YES;
				CLANG_WARN_ENUM_CONVERSION = YES;
				CLANG_WARN_INFINITE_RECURSION = YES;
				CLANG_WARN_INT_CONVERSION = YES;
				CLANG_WARN_NON_LITERAL_NULL_CONVERSION = YES;
				CLANG_WARN_OBJC_IMPLICIT_RETAIN_SELF = YES;
				CLANG_WARN_OBJC_LITERAL_CONVERSION = YES;
				CLANG_WARN_OBJC_ROOT_CLASS = YES_ERROR;
				CLANG_WARN_RANGE_LOOP_ANALYSIS = YES;
				CLANG_WARN_STRICT_PROTOTYPES = YES;
				CLANG_WARN_SUSPICIOUS_MOVE = YES;
				CLANG_WARN_UNGUARDED_AVAILABILITY = YES_AGGRESSIVE;
				CLANG_WARN_UNREACHABLE_CODE = YES;
				CLANG_WARN__DUPLICATE_METHOD_MATCH = YES;
				COPY_PHASE_STRIP = NO;
				DEBUG_INFORMATION_FORMAT = "dwarf-with-dsym";
				ENABLE_NS_ASSERTIONS = NO;
				ENABLE_STRICT_OBJC_MSGSEND = YES;
				GCC_C_LANGUAGE_STANDARD = gnu11;
				GCC_NO_COMMON_BLOCKS = YES;
				GCC_WARN_64_TO_32_BIT_CONVERSION = YES;
				GCC_WARN_ABOUT_RETURN_TYPE = YES_ERROR;
				GCC_WARN_UNDECLARED_SELECTOR = YES;
				GCC_WARN_UNINITIALIZED_AUTOS = YES_AGGRESSIVE;
				GCC_WARN_UNUSED_FUNCTION = YES;
				GCC_WARN_UNUSED_VARIABLE = YES;
				IPHONEOS_DEPLOYMENT_TARGET = 13.6;
				MTL_ENABLE_DEBUG_INFO = NO;
				MTL_FAST_MATH = YES;
				SDKROOT = iphoneos;
				SWIFT_COMPILATION_MODE = wholemodule;
				SWIFT_OPTIMIZATION_LEVEL = "-O";
				VALIDATE_PRODUCT = YES;
			};
			name = Release;
		};
		F4BA3DEF24C54AB90009FF20 /* Debug */ = {
			isa = XCBuildConfiguration;
			baseConfigurationReference = 3A4CC7FECD2930294F1603C8 /* Pods-Strangers.debug.xcconfig */;
			buildSettings = {
				ASSETCATALOG_COMPILER_APPICON_NAME = AppIcon;
				CODE_SIGN_STYLE = Automatic;
				DEVELOPMENT_TEAM = N9U3ASR94C;
				INFOPLIST_FILE = Strangers/Info.plist;
				LD_RUNPATH_SEARCH_PATHS = (
					"$(inherited)",
					"@executable_path/Frameworks",
				);
				PRODUCT_BUNDLE_IDENTIFIER = id.robihamanto.strangers.Strangers;
				PRODUCT_NAME = "$(TARGET_NAME)";
				SWIFT_VERSION = 5.0;
				TARGETED_DEVICE_FAMILY = "1,2";
			};
			name = Debug;
		};
		F4BA3DF024C54AB90009FF20 /* Release */ = {
			isa = XCBuildConfiguration;
			baseConfigurationReference = 84887A1CEFAEE24B7A5F809B /* Pods-Strangers.release.xcconfig */;
			buildSettings = {
				ASSETCATALOG_COMPILER_APPICON_NAME = AppIcon;
				CODE_SIGN_STYLE = Automatic;
				DEVELOPMENT_TEAM = N9U3ASR94C;
				INFOPLIST_FILE = Strangers/Info.plist;
				LD_RUNPATH_SEARCH_PATHS = (
					"$(inherited)",
					"@executable_path/Frameworks",
				);
				PRODUCT_BUNDLE_IDENTIFIER = id.robihamanto.strangers.Strangers;
				PRODUCT_NAME = "$(TARGET_NAME)";
				SWIFT_VERSION = 5.0;
				TARGETED_DEVICE_FAMILY = "1,2";
			};
			name = Release;
		};
/* End XCBuildConfiguration section */

/* Begin XCConfigurationList section */
		F45DFD6124F7612B003304CB /* Build configuration list for PBXNativeTarget "StrangersTests" */ = {
			isa = XCConfigurationList;
			buildConfigurations = (
				F45DFD5F24F7612B003304CB /* Debug */,
				F45DFD6024F7612B003304CB /* Release */,
			);
			defaultConfigurationIsVisible = 0;
			defaultConfigurationName = Release;
		};
		F4BA3DD524C54AB30009FF20 /* Build configuration list for PBXProject "Strangers" */ = {
			isa = XCConfigurationList;
			buildConfigurations = (
				F4BA3DEC24C54AB90009FF20 /* Debug */,
				F4BA3DED24C54AB90009FF20 /* Release */,
			);
			defaultConfigurationIsVisible = 0;
			defaultConfigurationName = Release;
		};
		F4BA3DEE24C54AB90009FF20 /* Build configuration list for PBXNativeTarget "Strangers" */ = {
			isa = XCConfigurationList;
			buildConfigurations = (
				F4BA3DEF24C54AB90009FF20 /* Debug */,
				F4BA3DF024C54AB90009FF20 /* Release */,
			);
			defaultConfigurationIsVisible = 0;
			defaultConfigurationName = Release;
		};
/* End XCConfigurationList section */
	};
	rootObject = F4BA3DD224C54AB30009FF20 /* Project object */;
}
